// !$*UTF8*$!
{
	archiveVersion = 1;
	classes = {
	};
	objectVersion = 50;
	objects = {

/* Begin PBXBuildFile section */
		07CDFD0921FC075F00DD9917 /* AppDelegate.swift in Sources */ = {isa = PBXBuildFile; fileRef = 07CDFD0821FC075F00DD9917 /* AppDelegate.swift */; };
		07CDFD0B21FC075F00DD9917 /* ViewController.swift in Sources */ = {isa = PBXBuildFile; fileRef = 07CDFD0A21FC075F00DD9917 /* ViewController.swift */; };
		07CDFD0E21FC075F00DD9917 /* Main.storyboard in Resources */ = {isa = PBXBuildFile; fileRef = 07CDFD0C21FC075F00DD9917 /* Main.storyboard */; };
		07CDFD1021FC076000DD9917 /* Assets.xcassets in Resources */ = {isa = PBXBuildFile; fileRef = 07CDFD0F21FC076000DD9917 /* Assets.xcassets */; };
		07CDFD1321FC076000DD9917 /* LaunchScreen.storyboard in Resources */ = {isa = PBXBuildFile; fileRef = 07CDFD1121FC076000DD9917 /* LaunchScreen.storyboard */; };
		07CDFD2121FC09B900DD9917 /* Localizable.strings in Resources */ = {isa = PBXBuildFile; fileRef = 07CDFD2321FC09B900DD9917 /* Localizable.strings */; };
		07CDFD2721FC0A7E00DD9917 /* LanguageManager.swift in Sources */ = {isa = PBXBuildFile; fileRef = 07CDFD2621FC0A7E00DD9917 /* LanguageManager.swift */; };
		07CDFD2921FC144F00DD9917 /* HomeScreenViewController.swift in Sources */ = {isa = PBXBuildFile; fileRef = 07CDFD2821FC144F00DD9917 /* HomeScreenViewController.swift */; };
/* End PBXBuildFile section */

/* Begin PBXFileReference section */
		07CDFD0521FC075F00DD9917 /* LocalizationDemo.app */ = {isa = PBXFileReference; explicitFileType = wrapper.application; includeInIndex = 0; path = LocalizationDemo.app; sourceTree = BUILT_PRODUCTS_DIR; };
		07CDFD0821FC075F00DD9917 /* AppDelegate.swift */ = {isa = PBXFileReference; lastKnownFileType = sourcecode.swift; path = AppDelegate.swift; sourceTree = "<group>"; };
		07CDFD0A21FC075F00DD9917 /* ViewController.swift */ = {isa = PBXFileReference; lastKnownFileType = sourcecode.swift; path = ViewController.swift; sourceTree = "<group>"; };
		07CDFD0D21FC075F00DD9917 /* Base */ = {isa = PBXFileReference; lastKnownFileType = file.storyboard; name = Base; path = Base.lproj/Main.storyboard; sourceTree = "<group>"; };
		07CDFD0F21FC076000DD9917 /* Assets.xcassets */ = {isa = PBXFileReference; lastKnownFileType = folder.assetcatalog; path = Assets.xcassets; sourceTree = "<group>"; };
		07CDFD1221FC076000DD9917 /* Base */ = {isa = PBXFileReference; lastKnownFileType = file.storyboard; name = Base; path = Base.lproj/LaunchScreen.storyboard; sourceTree = "<group>"; };
		07CDFD1421FC076000DD9917 /* Info.plist */ = {isa = PBXFileReference; lastKnownFileType = text.plist.xml; path = Info.plist; sourceTree = "<group>"; };
		07CDFD1C21FC088400DD9917 /* km */ = {isa = PBXFileReference; lastKnownFileType = text.plist.strings; name = km; path = km.lproj/Main.strings; sourceTree = "<group>"; };
		07CDFD1D21FC088400DD9917 /* km */ = {isa = PBXFileReference; lastKnownFileType = text.plist.strings; name = km; path = km.lproj/LaunchScreen.strings; sourceTree = "<group>"; };
		07CDFD2221FC09B900DD9917 /* km */ = {isa = PBXFileReference; lastKnownFileType = text.plist.strings; name = km; path = km.lproj/Localizable.strings; sourceTree = "<group>"; };
		07CDFD2521FC0A0D00DD9917 /* en */ = {isa = PBXFileReference; lastKnownFileType = text.plist.strings; name = en; path = en.lproj/Localizable.strings; sourceTree = "<group>"; };
		07CDFD2621FC0A7E00DD9917 /* LanguageManager.swift */ = {isa = PBXFileReference; lastKnownFileType = sourcecode.swift; path = LanguageManager.swift; sourceTree = "<group>"; };
		07CDFD2821FC144F00DD9917 /* HomeScreenViewController.swift */ = {isa = PBXFileReference; lastKnownFileType = sourcecode.swift; path = HomeScreenViewController.swift; sourceTree = "<group>"; };
/* End PBXFileReference section */

/* Begin PBXFrameworksBuildPhase section */
		07CDFD0221FC075F00DD9917 /* Frameworks */ = {
			isa = PBXFrameworksBuildPhase;
			buildActionMask = 2147483647;
			files = (
			);
			runOnlyForDeploymentPostprocessing = 0;
		};
/* End PBXFrameworksBuildPhase section */

/* Begin PBXGroup section */
		07CDFCFC21FC075F00DD9917 = {
			isa = PBXGroup;
			children = (
				07CDFD0721FC075F00DD9917 /* LocalizationDemo */,
				07CDFD0621FC075F00DD9917 /* Products */,
			);
			sourceTree = "<group>";
		};
		07CDFD0621FC075F00DD9917 /* Products */ = {
			isa = PBXGroup;
			children = (
				07CDFD0521FC075F00DD9917 /* LocalizationDemo.app */,
			);
			name = Products;
			sourceTree = "<group>";
		};
		07CDFD0721FC075F00DD9917 /* LocalizationDemo */ = {
			isa = PBXGroup;
			children = (
				07CDFD2021FC098C00DD9917 /* Language Manager */,
				07CDFD0821FC075F00DD9917 /* AppDelegate.swift */,
				07CDFD0A21FC075F00DD9917 /* ViewController.swift */,
				07CDFD2821FC144F00DD9917 /* HomeScreenViewController.swift */,
				07CDFD0C21FC075F00DD9917 /* Main.storyboard */,
				07CDFD0F21FC076000DD9917 /* Assets.xcassets */,
				07CDFD1121FC076000DD9917 /* LaunchScreen.storyboard */,
				07CDFD1421FC076000DD9917 /* Info.plist */,
			);
			path = LocalizationDemo;
			sourceTree = "<group>";
		};
		07CDFD2021FC098C00DD9917 /* Language Manager */ = {
			isa = PBXGroup;
			children = (
				07CDFD2321FC09B900DD9917 /* Localizable.strings */,
				07CDFD2621FC0A7E00DD9917 /* LanguageManager.swift */,
			);
			path = "Language Manager";
			sourceTree = "<group>";
		};
/* End PBXGroup section */

/* Begin PBXNativeTarget section */
		07CDFD0421FC075F00DD9917 /* LocalizationDemo */ = {
			isa = PBXNativeTarget;
			buildConfigurationList = 07CDFD1721FC076000DD9917 /* Build configuration list for PBXNativeTarget "LocalizationDemo" */;
			buildPhases = (
				07CDFD0121FC075F00DD9917 /* Sources */,
				07CDFD0221FC075F00DD9917 /* Frameworks */,
				07CDFD0321FC075F00DD9917 /* Resources */,
			);
			buildRules = (
			);
			dependencies = (
			);
			name = LocalizationDemo;
			productName = LocalizationDemo;
			productReference = 07CDFD0521FC075F00DD9917 /* LocalizationDemo.app */;
			productType = "com.apple.product-type.application";
		};
/* End PBXNativeTarget section */

/* Begin PBXProject section */
		07CDFCFD21FC075F00DD9917 /* Project object */ = {
			isa = PBXProject;
			attributes = {
				LastSwiftUpdateCheck = 1010;
				LastUpgradeCheck = 1010;
				ORGANIZATIONNAME = "Chhaileng Peng";
				TargetAttributes = {
					07CDFD0421FC075F00DD9917 = {
						CreatedOnToolsVersion = 10.1;
					};
				};
			};
			buildConfigurationList = 07CDFD0021FC075F00DD9917 /* Build configuration list for PBXProject "LocalizationDemo" */;
			compatibilityVersion = "Xcode 9.3";
			developmentRegion = en;
			hasScannedForEncodings = 0;
			knownRegions = (
				en,
				Base,
			);
			mainGroup = 07CDFCFC21FC075F00DD9917;
			productRefGroup = 07CDFD0621FC075F00DD9917 /* Products */;
			projectDirPath = "";
			projectRoot = "";
			targets = (
				07CDFD0421FC075F00DD9917 /* LocalizationDemo */,
			);
		};
/* End PBXProject section */

/* Begin PBXResourcesBuildPhase section */
		07CDFD0321FC075F00DD9917 /* Resources */ = {
			isa = PBXResourcesBuildPhase;
			buildActionMask = 2147483647;
			files = (
				07CDFD1321FC076000DD9917 /* LaunchScreen.storyboard in Resources */,
				07CDFD2121FC09B900DD9917 /* Localizable.strings in Resources */,
				07CDFD1021FC076000DD9917 /* Assets.xcassets in Resources */,
				07CDFD0E21FC075F00DD9917 /* Main.storyboard in Resources */,
			);
			runOnlyForDeploymentPostprocessing = 0;
		};
/* End PBXResourcesBuildPhase section */

/* Begin PBXSourcesBuildPhase section */
		07CDFD0121FC075F00DD9917 /* Sources */ = {
			isa = PBXSourcesBuildPhase;
			buildActionMask = 2147483647;
			files = (
				07CDFD2721FC0A7E00DD9917 /* LanguageManager.swift in Sources */,
				07CDFD2921FC144F00DD9917 /* HomeScreenViewController.swift in Sources */,
				07CDFD0B21FC075F00DD9917 /* ViewController.swift in Sources */,
				07CDFD0921FC075F00DD9917 /* AppDelegate.swift in Sources */,
			);
			runOnlyForDeploymentPostprocessing = 0;
		};
/* End PBXSourcesBuildPhase section */

/* Begin PBXVariantGroup section */
		07CDFD0C21FC075F00DD9917 /* Main.storyboard */ = {
			isa = PBXVariantGroup;
			children = (
				07CDFD0D21FC075F00DD9917 /* Base */,
				07CDFD1C21FC088400DD9917 /* km */,
			);
			name = Main.storyboard;
			sourceTree = "<group>";
		};
		07CDFD1121FC076000DD9917 /* LaunchScreen.storyboard */ = {
			isa = PBXVariantGroup;
			children = (
				07CDFD1221FC076000DD9917 /* Base */,
				07CDFD1D21FC088400DD9917 /* km */,
			);
			name = LaunchScreen.storyboard;
			sourceTree = "<group>";
		};
		07CDFD2321FC09B900DD9917 /* Localizable.strings */ = {
			isa = PBXVariantGroup;
			children = (
				07CDFD2221FC09B900DD9917 /* km */,
				07CDFD2521FC0A0D00DD9917 /* en */,
			);
			name = Localizable.strings;
			sourceTree = "<group>";
		};
/* End PBXVariantGroup section */

/* Begin XCBuildConfiguration section */
		07CDFD1521FC076000DD9917 /* Debug */ = {
			isa = XCBuildConfiguration;
			buildSettings = {
				ALWAYS_SEARCH_USER_PATHS = NO;
				CLANG_ANALYZER_LOCALIZABILITY_NONLOCALIZED = YES;
				CLANG_ANALYZER_NONNULL = YES;
				CLANG_ANALYZER_NUMBER_OBJECT_CONVERSION = YES_AGGRESSIVE;
				CLANG_CXX_LANGUAGE_STANDARD = "gnu++14";
				CLANG_CXX_LIBRARY = "libc++";
				CLANG_ENABLE_MODULES = YES;
				CLANG_ENABLE_OBJC_ARC = YES;
				CLANG_ENABLE_OBJC_WEAK = YES;
				CLANG_WARN_BLOCK_CAPTURE_AUTORELEASING = YES;
				CLANG_WARN_BOOL_CONVERSION = YES;
				CLANG_WARN_COMMA = YES;
				CLANG_WARN_CONSTANT_CONVERSION = YES;
				CLANG_WARN_DEPRECATED_OBJC_IMPLEMENTATIONS = YES;
				CLANG_WARN_DIRECT_OBJC_ISA_USAGE = YES_ERROR;
				CLANG_WARN_DOCUMENTATION_COMMENTS = YES;
				CLANG_WARN_EMPTY_BODY = YES;
				CLANG_WARN_ENUM_CONVERSION = YES;
				CLANG_WARN_INFINITE_RECURSION = YES;
				CLANG_WARN_INT_CONVERSION = YES;
				CLANG_WARN_NON_LITERAL_NULL_CONVERSION = YES;
				CLANG_WARN_OBJC_IMPLICIT_RETAIN_SELF = YES;
				CLANG_WARN_OBJC_LITERAL_CONVERSION = YES;
				CLANG_WARN_OBJC_ROOT_CLASS = YES_ERROR;
				CLANG_WARN_RANGE_LOOP_ANALYSIS = YES;
				CLANG_WARN_STRICT_PROTOTYPES = YES;
				CLANG_WARN_SUSPICIOUS_MOVE = YES;
				CLANG_WARN_UNGUARDED_AVAILABILITY = YES_AGGRESSIVE;
				CLANG_WARN_UNREACHABLE_CODE = YES;
				CLANG_WARN__DUPLICATE_METHOD_MATCH = YES;
				CODE_SIGN_IDENTITY = "iPhone Developer";
				COPY_PHASE_STRIP = NO;
				DEBUG_INFORMATION_FORMAT = dwarf;
				ENABLE_STRICT_OBJC_MSGSEND = YES;
				ENABLE_TESTABILITY = YES;
				GCC_C_LANGUAGE_STANDARD = gnu11;
				GCC_DYNAMIC_NO_PIC = NO;
				GCC_NO_COMMON_BLOCKS = YES;
				GCC_OPTIMIZATION_LEVEL = 0;
				GCC_PREPROCESSOR_DEFINITIONS = (
					"DEBUG=1",
					"$(inherited)",
				);
				GCC_WARN_64_TO_32_BIT_CONVERSION = YES;
				GCC_WARN_ABOUT_RETURN_TYPE = YES_ERROR;
				GCC_WARN_UNDECLARED_SELECTOR = YES;
				GCC_WARN_UNINITIALIZED_AUTOS = YES_AGGRESSIVE;
				GCC_WARN_UNUSED_FUNCTION = YES;
				GCC_WARN_UNUSED_VARIABLE = YES;
				IPHONEOS_DEPLOYMENT_TARGET = 12.1;
				MTL_ENABLE_DEBUG_INFO = INCLUDE_SOURCE;
				MTL_FAST_MATH = YES;
				ONLY_ACTIVE_ARCH = YES;
				SDKROOT = iphoneos;
				SWIFT_ACTIVE_COMPILATION_CONDITIONS = DEBUG;
				SWIFT_OPTIMIZATION_LEVEL = "-Onone";
			};
			name = Debug;
		};
		07CDFD1621FC076000DD9917 /* Release */ = {
			isa = XCBuildConfiguration;
			buildSettings = {
				ALWAYS_SEARCH_USER_PATHS = NO;
				CLANG_ANALYZER_LOCALIZABILITY_NONLOCALIZED = YES;
				CLANG_ANALYZER_NONNULL = YES;
				CLANG_ANALYZER_NUMBER_OBJECT_CONVERSION = YES_AGGRESSIVE;
				CLANG_CXX_LANGUAGE_STANDARD = "gnu++14";
				CLANG_CXX_LIBRARY = "libc++";
				CLANG_ENABLE_MODULES = YES;
				CLANG_ENABLE_OBJC_ARC = YES;
				CLANG_ENABLE_OBJC_WEAK = YES;
				CLANG_WARN_BLOCK_CAPTURE_AUTORELEASING = YES;
				CLANG_WARN_BOOL_CONVERSION = YES;
				CLANG_WARN_COMMA = YES;
				CLANG_WARN_CONSTANT_CONVERSION = YES;
				CLANG_WARN_DEPRECATED_OBJC_IMPLEMENTATIONS = YES;
				CLANG_WARN_DIRECT_OBJC_ISA_USAGE = YES_ERROR;
				CLANG_WARN_DOCUMENTATION_COMMENTS = YES;
				CLANG_WARN_EMPTY_BODY = YES;
				CLANG_WARN_ENUM_CONVERSION = YES;
				CLANG_WARN_INFINITE_RECURSION = YES;
				CLANG_WARN_INT_CONVERSION = YES;
				CLANG_WARN_NON_LITERAL_NULL_CONVERSION = YES;
				CLANG_WARN_OBJC_IMPLICIT_RETAIN_SELF = YES;
				CLANG_WARN_OBJC_LITERAL_CONVERSION = YES;
				CLANG_WARN_OBJC_ROOT_CLASS = YES_ERROR;
				CLANG_WARN_RANGE_LOOP_ANALYSIS = YES;
				CLANG_WARN_STRICT_PROTOTYPES = YES;
				CLANG_WARN_SUSPICIOUS_MOVE = YES;
				CLANG_WARN_UNGUARDED_AVAILABILITY = YES_AGGRESSIVE;
				CLANG_WARN_UNREACHABLE_CODE = YES;
				CLANG_WARN__DUPLICATE_METHOD_MATCH = YES;
				CODE_SIGN_IDENTITY = "iPhone Developer";
				COPY_PHASE_STRIP = NO;
				DEBUG_INFORMATION_FORMAT = "dwarf-with-dsym";
				ENABLE_NS_ASSERTIONS = NO;
				ENABLE_STRICT_OBJC_MSGSEND = YES;
				GCC_C_LANGUAGE_STANDARD = gnu11;
				GCC_NO_COMMON_BLOCKS = YES;
				GCC_WARN_64_TO_32_BIT_CONVERSION = YES;
				GCC_WARN_ABOUT_RETURN_TYPE = YES_ERROR;
				GCC_WARN_UNDECLARED_SELECTOR = YES;
				GCC_WARN_UNINITIALIZED_AUTOS = YES_AGGRESSIVE;
				GCC_WARN_UNUSED_FUNCTION = YES;
				GCC_WARN_UNUSED_VARIABLE = YES;
				IPHONEOS_DEPLOYMENT_TARGET = 12.1;
				MTL_ENABLE_DEBUG_INFO = NO;
				MTL_FAST_MATH = YES;
				SDKROOT = iphoneos;
				SWIFT_COMPILATION_MODE = wholemodule;
				SWIFT_OPTIMIZATION_LEVEL = "-O";
				VALIDATE_PRODUCT = YES;
			};
			name = Release;
		};
		07CDFD1821FC076000DD9917 /* Debug */ = {
			isa = XCBuildConfiguration;
			buildSettings = {
				ASSETCATALOG_COMPILER_APPICON_NAME = AppIcon;
				CODE_SIGN_STYLE = Automatic;
				DEVELOPMENT_TEAM = U7EHSN2Z7Y;
				INFOPLIST_FILE = LocalizationDemo/Info.plist;
				LD_RUNPATH_SEARCH_PATHS = (
					"$(inherited)",
					"@executable_path/Frameworks",
				);
				PRODUCT_BUNDLE_IDENTIFIER = com.chhaileng.LocalizationDemo6th;
				PRODUCT_NAME = "$(TARGET_NAME)";
				SWIFT_VERSION = 4.2;
				TARGETED_DEVICE_FAMILY = "1,2";
			};
			name = Debug;
		};
		07CDFD1921FC076000DD9917 /* Release */ = {
			isa = XCBuildConfiguration;
			buildSettings = {
				ASSETCATALOG_COMPILER_APPICON_NAME = AppIcon;
				CODE_SIGN_STYLE = Automatic;
				DEVELOPMENT_TEAM = U7EHSN2Z7Y;
				INFOPLIST_FILE = LocalizationDemo/Info.plist;
				LD_RUNPATH_SEARCH_PATHS = (
					"$(inherited)",
					"@executable_path/Frameworks",
				);
				PRODUCT_BUNDLE_IDENTIFIER = com.chhaileng.LocalizationDemo6th;
				PRODUCT_NAME = "$(TARGET_NAME)";
				SWIFT_VERSION = 4.2;
				TARGETED_DEVICE_FAMILY = "1,2";
			};
			name = Release;
		};
/* End XCBuildConfiguration section */

/* Begin XCConfigurationList section */
		07CDFD0021FC075F00DD9917 /* Build configuration list for PBXProject "LocalizationDemo" */ = {
			isa = XCConfigurationList;
			buildConfigurations = (
				07CDFD1521FC076000DD9917 /* Debug */,
				07CDFD1621FC076000DD9917 /* Release */,
			);
			defaultConfigurationIsVisible = 0;
			defaultConfigurationName = Release;
		};
		07CDFD1721FC076000DD9917 /* Build configuration list for PBXNativeTarget "LocalizationDemo" */ = {
			isa = XCConfigurationList;
			buildConfigurations = (
				07CDFD1821FC076000DD9917 /* Debug */,
				07CDFD1921FC076000DD9917 /* Release */,
			);
			defaultConfigurationIsVisible = 0;
			defaultConfigurationName = Release;
		};
/* End XCConfigurationList section */
	};
	rootObject = 07CDFCFD21FC075F00DD9917 /* Project object */;
}
